
Microsoft Visual Studio Solution File, Format Version 12.00
# Visual Studio Version 17
VisualStudioVersion = 17.13.35931.197
MinimumVisualStudioVersion = 10.0.40219.1
Project("{FAE04EC0-301F-11D3-BF4B-00C04F79EFBC}") = "MyClasses", "MyClasses.csproj", "{30389E5B-DB9B-4418-8E2E-22D8C8DF434A}"
EndProject
Project("{FAE04EC0-301F-11D3-BF4B-00C04F79EFBC}") = "MyExtensions", "..\MyExtensions\MyExtensions.csproj", "{1E38CED8-3C38-8B3B-6027-A65C1D290068}"
EndProject
Global
	GlobalSection(SolutionConfigurationPlatforms) = preSolution
		Debug|Any CPU = Debug|Any CPU
		Release|Any CPU = Release|Any CPU
	EndGlobalSection
	GlobalSection(ProjectConfigurationPlatforms) = postSolution
		{30389E5B-DB9B-4418-8E2E-22D8C8DF434A}.Debug|Any CPU.ActiveCfg = Debug|Any CPU
		{30389E5B-DB9B-4418-8E2E-22D8C8DF434A}.Debug|Any CPU.Build.0 = Debug|Any CPU
		{30389E5B-DB9B-4418-8E2E-22D8C8DF434A}.Release|Any CPU.ActiveCfg = Release|Any CPU
		{30389E5B-DB9B-4418-8E2E-22D8C8DF434A}.Release|Any CPU.Build.0 = Release|Any CPU
		{1E38CED8-3C38-8B3B-6027-A65C1D290068}.Debug|Any CPU.ActiveCfg = Debug|Any CPU
		{1E38CED8-3C38-8B3B-6027-A65C1D290068}.Debug|Any CPU.Build.0 = Debug|Any CPU
		{1E38CED8-3C38-8B3B-6027-A65C1D290068}.Release|Any CPU.ActiveCfg = Release|Any CPU
		{1E38CED8-3C38-8B3B-6027-A65C1D290068}.Release|Any CPU.Build.0 = Release|Any CPU
	EndGlobalSection
	GlobalSection(SolutionProperties) = preSolution
		HideSolutionNode = FALSE
	EndGlobalSection
	GlobalSection(ExtensibilityGlobals) = postSolution
		SolutionGuid = {EFBFBA09-6002-425D-AADE-34DAAC529622}
	EndGlobalSection
EndGlobal
